
Microsoft Visual Studio Solution File, Format Version 12.00
# Visual Studio Version 16
VisualStudioVersion = 16.0.29920.165
MinimumVisualStudioVersion = 10.0.40219.1
Project("{9A19103F-16F7-4668-BE54-9A1E7A4F7556}") = "Dreamcore.MongoDb.Repository", "Dreamcore.MongoDb.Repository\Dreamcore.MongoDb.Repository.csproj", "{CC9D4D27-073E-4A91-B19B-3B8B25C52EDD}"
EndProject
Project("{FAE04EC0-301F-11D3-BF4B-00C04F79EFBC}") = "Dreamcore.MongoDb.Repository.Infrastructure", "Dreamcore.MongoDb.Repository.Infrastructure\Dreamcore.MongoDb.Repository.Infrastructure.csproj", "{7E2ACE31-9FEE-4CF1-803D-91F2F5909D58}"
EndProject
Global
	GlobalSection(SolutionConfigurationPlatforms) = preSolution
		Debug|Any CPU = Debug|Any CPU
		Release|Any CPU = Release|Any CPU
	EndGlobalSection
	GlobalSection(ProjectConfigurationPlatforms) = postSolution
		{CC9D4D27-073E-4A91-B19B-3B8B25C52EDD}.Debug|Any CPU.ActiveCfg = Debug|Any CPU
		{CC9D4D27-073E-4A91-B19B-3B8B25C52EDD}.Debug|Any CPU.Build.0 = Debug|Any CPU
		{CC9D4D27-073E-4A91-B19B-3B8B25C52EDD}.Release|Any CPU.ActiveCfg = Release|Any CPU
		{CC9D4D27-073E-4A91-B19B-3B8B25C52EDD}.Release|Any CPU.Build.0 = Release|Any CPU
		{7E2ACE31-9FEE-4CF1-803D-91F2F5909D58}.Debug|Any CPU.ActiveCfg = Debug|Any CPU
		{7E2ACE31-9FEE-4CF1-803D-91F2F5909D58}.Debug|Any CPU.Build.0 = Debug|Any CPU
		{7E2ACE31-9FEE-4CF1-803D-91F2F5909D58}.Release|Any CPU.ActiveCfg = Release|Any CPU
		{7E2ACE31-9FEE-4CF1-803D-91F2F5909D58}.Release|Any CPU.Build.0 = Release|Any CPU
	EndGlobalSection
	GlobalSection(SolutionProperties) = preSolution
		HideSolutionNode = FALSE
	EndGlobalSection
	GlobalSection(ExtensibilityGlobals) = postSolution
		SolutionGuid = {36C6BA49-DE9C-45CD-ABB9-789606CEE239}
	EndGlobalSection
EndGlobal
